{
  "originHash" : "9bfa8e5fe4dcf2209317d363dea0139abce6c0934f75f6de7340f19ce53734f2",
  "pins" : [
    {
      "identity" : "tc4mac-plugin-sdk",
      "kind" : "remoteSourceControl",
      "location" : "https://github.com/lagueux/tc4mac-plugin-sdk.git",
      "state" : {
        "revision" : "6f56582a051a3e6d3ede61a80b355e0fd7e84a1c",
        "version" : "1.1.1"
      }
    }
  ],
  "version" : 3
}
