{
  "originHash" : "14f6fee3d32f3778ef9199b7b483bd734f538f06c4b32a5e01d0fb57638ce1ce",
  "pins" : [
    {
      "identity" : "tc4mac-plugin-sdk",
      "kind" : "remoteSourceControl",
      "location" : "https://github.com/lagueux/tc4mac-plugin-sdk.git",
      "state" : {
        "revision" : "8244935971818ef47f7287f6842a4a7caf5dd0a2",
        "version" : "1.1.0"
      }
    }
  ],
  "version" : 3
}
